
Microsoft Visual Studio Solution File, Format Version 12.00
# Visual Studio Version 16
VisualStudioVersion = 16.0.30523.141
MinimumVisualStudioVersion = 10.0.40219.1
Project("{FAE04EC0-301F-11D3-BF4B-00C04F79EFBC}") = "ObjectTest", "ObjectTest.csproj", "{1F76C13A-2166-4142-B1CB-91E86DA33682}"
EndProject
Global
	GlobalSection(SolutionConfigurationPlatforms) = preSolution
		Debug|Any CPU = Debug|Any CPU
		Release|Any CPU = Release|Any CPU
	EndGlobalSection
	GlobalSection(ProjectConfigurationPlatforms) = postSolution
		{1F76C13A-2166-4142-B1CB-91E86DA33682}.Debug|Any CPU.ActiveCfg = Debug|Any CPU
		{1F76C13A-2166-4142-B1CB-91E86DA33682}.Debug|Any CPU.Build.0 = Debug|Any CPU
		{1F76C13A-2166-4142-B1CB-91E86DA33682}.Release|Any CPU.ActiveCfg = Release|Any CPU
		{1F76C13A-2166-4142-B1CB-91E86DA33682}.Release|Any CPU.Build.0 = Release|Any CPU
	EndGlobalSection
	GlobalSection(SolutionProperties) = preSolution
		HideSolutionNode = FALSE
	EndGlobalSection
	GlobalSection(ExtensibilityGlobals) = postSolution
		SolutionGuid = {AD6A7EBD-29D5-46F0-8CB0-983D08101174}
	EndGlobalSection
EndGlobal
